
Microsoft Visual Studio Solution File, Format Version 12.00
# Visual Studio Version 17
VisualStudioVersion = 17.14.36518.9 d17.14
MinimumVisualStudioVersion = 10.0.40219.1
Project("{FAE04EC0-301F-11D3-BF4B-00C04F79EFBC}") = "CIS 207 Project 5 Student Report Card", "CIS 207 Project 5 Student Report Card.csproj", "{EA52110D-B481-415F-B431-2A4CD48F0670}"
EndProject
Global
	GlobalSection(SolutionConfigurationPlatforms) = preSolution
		Debug|Any CPU = Debug|Any CPU
		Release|Any CPU = Release|Any CPU
	EndGlobalSection
	GlobalSection(ProjectConfigurationPlatforms) = postSolution
		{EA52110D-B481-415F-B431-2A4CD48F0670}.Debug|Any CPU.ActiveCfg = Debug|Any CPU
		{EA52110D-B481-415F-B431-2A4CD48F0670}.Debug|Any CPU.Build.0 = Debug|Any CPU
		{EA52110D-B481-415F-B431-2A4CD48F0670}.Release|Any CPU.ActiveCfg = Release|Any CPU
		{EA52110D-B481-415F-B431-2A4CD48F0670}.Release|Any CPU.Build.0 = Release|Any CPU
	EndGlobalSection
	GlobalSection(SolutionProperties) = preSolution
		HideSolutionNode = FALSE
	EndGlobalSection
	GlobalSection(ExtensibilityGlobals) = postSolution
		SolutionGuid = {4C20A277-4CF3-45DC-95C9-09464B57655D}
	EndGlobalSection
EndGlobal
